
Microsoft Visual Studio Solution File, Format Version 12.00
# Visual Studio Version 16
VisualStudioVersion = 16.0.29806.167
MinimumVisualStudioVersion = 10.0.40219.1
Project("{9A19103F-16F7-4668-BE54-9A1E7A4F7556}") = "Chartist.Blazor", "src\Chartist.Blazor\Chartist.Blazor.csproj", "{8E0F0796-BCC9-4014-BCF0-EFAF3C3376A0}"
EndProject
Project("{9A19103F-16F7-4668-BE54-9A1E7A4F7556}") = "Chartist.Blazor.Demo", "demo\Chartist.Blazor.Demo\Chartist.Blazor.Demo.csproj", "{0E294318-71F3-403C-BC05-E5CB61E811E5}"
EndProject
Project("{9A19103F-16F7-4668-BE54-9A1E7A4F7556}") = "Chartist.Blazor.UnitTests", "test\Chartist.Blazor.UnitTests\Chartist.Blazor.UnitTests.csproj", "{9D326AEC-E038-4FFE-8809-B6D0A03179FD}"
EndProject
Project("{2150E333-8FDC-42A3-9474-1A3956D46DE8}") = "test", "test", "{62E39CA5-0EDD-4A00-8BB9-E563470A216E}"
EndProject
Project("{9A19103F-16F7-4668-BE54-9A1E7A4F7556}") = "Chartist.Blazor.Demo.WASM", "demo\Chartist.Blazor.Demo.WASM\Chartist.Blazor.Demo.WASM.csproj", "{C68478D0-CA24-42F3-A50F-5E6A4946F902}"
EndProject
Global
	GlobalSection(SolutionConfigurationPlatforms) = preSolution
		Debug|Any CPU = Debug|Any CPU
		Release|Any CPU = Release|Any CPU
	EndGlobalSection
	GlobalSection(ProjectConfigurationPlatforms) = postSolution
		{8E0F0796-BCC9-4014-BCF0-EFAF3C3376A0}.Debug|Any CPU.ActiveCfg = Debug|Any CPU
		{8E0F0796-BCC9-4014-BCF0-EFAF3C3376A0}.Debug|Any CPU.Build.0 = Debug|Any CPU
		{8E0F0796-BCC9-4014-BCF0-EFAF3C3376A0}.Release|Any CPU.ActiveCfg = Release|Any CPU
		{8E0F0796-BCC9-4014-BCF0-EFAF3C3376A0}.Release|Any CPU.Build.0 = Release|Any CPU
		{0E294318-71F3-403C-BC05-E5CB61E811E5}.Debug|Any CPU.ActiveCfg = Debug|Any CPU
		{0E294318-71F3-403C-BC05-E5CB61E811E5}.Debug|Any CPU.Build.0 = Debug|Any CPU
		{0E294318-71F3-403C-BC05-E5CB61E811E5}.Release|Any CPU.ActiveCfg = Release|Any CPU
		{0E294318-71F3-403C-BC05-E5CB61E811E5}.Release|Any CPU.Build.0 = Release|Any CPU
		{9D326AEC-E038-4FFE-8809-B6D0A03179FD}.Debug|Any CPU.ActiveCfg = Debug|Any CPU
		{9D326AEC-E038-4FFE-8809-B6D0A03179FD}.Debug|Any CPU.Build.0 = Debug|Any CPU
		{9D326AEC-E038-4FFE-8809-B6D0A03179FD}.Release|Any CPU.ActiveCfg = Release|Any CPU
		{9D326AEC-E038-4FFE-8809-B6D0A03179FD}.Release|Any CPU.Build.0 = Release|Any CPU
		{C68478D0-CA24-42F3-A50F-5E6A4946F902}.Debug|Any CPU.ActiveCfg = Debug|Any CPU
		{C68478D0-CA24-42F3-A50F-5E6A4946F902}.Debug|Any CPU.Build.0 = Debug|Any CPU
		{C68478D0-CA24-42F3-A50F-5E6A4946F902}.Release|Any CPU.ActiveCfg = Release|Any CPU
		{C68478D0-CA24-42F3-A50F-5E6A4946F902}.Release|Any CPU.Build.0 = Release|Any CPU
	EndGlobalSection
	GlobalSection(SolutionProperties) = preSolution
		HideSolutionNode = FALSE
	EndGlobalSection
	GlobalSection(NestedProjects) = preSolution
		{9D326AEC-E038-4FFE-8809-B6D0A03179FD} = {62E39CA5-0EDD-4A00-8BB9-E563470A216E}
	EndGlobalSection
	GlobalSection(ExtensibilityGlobals) = postSolution
		SolutionGuid = {35647E2B-A834-4490-929A-EB4CB222B06F}
	EndGlobalSection
EndGlobal
